
Microsoft Visual Studio Solution File, Format Version 12.00
Project("{FAE04EC0-301F-11D3-BF4B-00C04F79EFBC}") = "ApiExamples", "ApiExamples.csproj", "{D6349FF1-D348-4DA2-A041-9B4FA96A4802}"
EndProject
Global
	GlobalSection(SolutionConfigurationPlatforms) = preSolution
		Debug|Any CPU = Debug|Any CPU
		Release|Any CPU = Release|Any CPU
	EndGlobalSection
	GlobalSection(ProjectConfigurationPlatforms) = postSolution
		{D6349FF1-D348-4DA2-A041-9B4FA96A4802}.Debug|Any CPU.ActiveCfg = Debug|Any CPU
		{D6349FF1-D348-4DA2-A041-9B4FA96A4802}.Debug|Any CPU.Build.0 = Debug|Any CPU
		{D6349FF1-D348-4DA2-A041-9B4FA96A4802}.Release|Any CPU.ActiveCfg = Release|Any CPU
		{D6349FF1-D348-4DA2-A041-9B4FA96A4802}.Release|Any CPU.Build.0 = Release|Any CPU
	EndGlobalSection
EndGlobal
